
Microsoft Visual Studio Solution File, Format Version 12.00
# Visual Studio Version 17
VisualStudioVersion = 17.1.32210.238
MinimumVisualStudioVersion = 10.0.40219.1
Project("{FAE04EC0-301F-11D3-BF4B-00C04F79EFBC}") = "Bot", "Bot.csproj", "{063A8CC6-5F29-47DE-94A1-4B4EB468B728}"
EndProject
Global
	GlobalSection(SolutionConfigurationPlatforms) = preSolution
		Debug|Any CPU = Debug|Any CPU
		Release|Any CPU = Release|Any CPU
	EndGlobalSection
	GlobalSection(ProjectConfigurationPlatforms) = postSolution
		{063A8CC6-5F29-47DE-94A1-4B4EB468B728}.Debug|Any CPU.ActiveCfg = Debug|Any CPU
		{063A8CC6-5F29-47DE-94A1-4B4EB468B728}.Debug|Any CPU.Build.0 = Debug|Any CPU
		{063A8CC6-5F29-47DE-94A1-4B4EB468B728}.Release|Any CPU.ActiveCfg = Release|Any CPU
		{063A8CC6-5F29-47DE-94A1-4B4EB468B728}.Release|Any CPU.Build.0 = Release|Any CPU
	EndGlobalSection
	GlobalSection(SolutionProperties) = preSolution
		HideSolutionNode = FALSE
	EndGlobalSection
	GlobalSection(ExtensibilityGlobals) = postSolution
		SolutionGuid = {D6C0F5D1-DF22-4E6B-A13F-50DC15F5885A}
	EndGlobalSection
EndGlobal
